
Microsoft Visual Studio Solution File, Format Version 12.00
Project("{2150E333-8FDC-42A3-9474-1A3956D46DE8}") = "IdentityServer", "IdentityServer", "{5751219F-5800-4065-9340-635C0798FB32}"
EndProject
Project("{FAE04EC0-301F-11D3-BF4B-00C04F79EFBC}") = "Api1", "IdentityServer\Api1\Api1.csproj", "{0FAFF91C-41B1-4F1D-B517-BDE6790736FB}"
EndProject
Project("{FAE04EC0-301F-11D3-BF4B-00C04F79EFBC}") = "ConsoleClient", "IdentityServer\ConsoleClient\ConsoleClient.csproj", "{4B0BF968-ABF7-40A1-AE89-F5AC8D6E3C15}"
EndProject
Project("{FAE04EC0-301F-11D3-BF4B-00C04F79EFBC}") = "Idp", "IdentityServer\Idp\Idp.csproj", "{7815E6D7-89D2-4E12-A073-8D6DE7863D66}"
EndProject
Project("{FAE04EC0-301F-11D3-BF4B-00C04F79EFBC}") = "MvcClient", "IdentityServer\MvcClient\MvcClient.csproj", "{EBC94E64-2759-49DB-BD27-424E5C177D50}"
EndProject
Project("{FAE04EC0-301F-11D3-BF4B-00C04F79EFBC}") = "WpfClient", "IdentityServer\WpfClient\WpfClient.csproj", "{35B25CC1-1419-49C3-984C-947811C7704D}"
EndProject
Project("{2150E333-8FDC-42A3-9474-1A3956D46DE8}") = "Grpc", "Grpc", "{4A754BD9-E39D-4D45-9954-38625FEE89D6}"
EndProject
Project("{FAE04EC0-301F-11D3-BF4B-00C04F79EFBC}") = "J3Space.GrpcDemo.Client", "Grpc\J3Space.GrpcDemo.Client\J3Space.GrpcDemo.Client.csproj", "{60E47DEA-FA65-4CAF-AC48-53FC1DE35014}"
EndProject
Project("{FAE04EC0-301F-11D3-BF4B-00C04F79EFBC}") = "J3Space.GrpcDemo.Server", "Grpc\J3Space.GrpcDemo.Server\J3Space.GrpcDemo.Server.csproj", "{C3015FBC-E7E4-45FE-93BB-23E9CC71C04C}"
EndProject
Project("{FAE04EC0-301F-11D3-BF4B-00C04F79EFBC}") = "Data.Shared", "IdentityServer\Data.Shared\Data.Shared.csproj", "{5382D0A6-2DD0-4993-BB28-3B52D039D271}"
EndProject
Project("{2150E333-8FDC-42A3-9474-1A3956D46DE8}") = "SignalR", "SignalR", "{251E3B7A-6DFD-4896-87AB-9373DE7E30D7}"
EndProject
Project("{FAE04EC0-301F-11D3-BF4B-00C04F79EFBC}") = "ChatServer", "SignalR\ChatServer\ChatServer.csproj", "{0DCD2CC8-2012-4476-A8C8-59FB25C7D9DF}"
EndProject
Project("{FAE04EC0-301F-11D3-BF4B-00C04F79EFBC}") = "ChatConsoleClient", "SignalR\ChatConsoleClient\ChatConsoleClient.csproj", "{6447AB40-7F5A-440A-8EC7-952F4959E461}"
EndProject
Project("{FAE04EC0-301F-11D3-BF4B-00C04F79EFBC}") = "ChatWebClient", "SignalR\ChatWebClient\ChatWebClient.csproj", "{27EA5F3E-C8A5-4891-A71A-F3C79CE70F78}"
EndProject
Project("{2150E333-8FDC-42A3-9474-1A3956D46DE8}") = "EfCore", "EfCore", "{DBB2C219-F003-4DBE-8993-815FC96DC029}"
EndProject
Project("{FAE04EC0-301F-11D3-BF4B-00C04F79EFBC}") = "Game.Domain", "EfCore\Game.Domain\Game.Domain.csproj", "{698188B7-FE15-440E-AD4C-FA9B6EFD01BB}"
EndProject
Project("{FAE04EC0-301F-11D3-BF4B-00C04F79EFBC}") = "Game.Data", "EfCore\Game.Data\Game.Data.csproj", "{C95B9390-BBEF-45A0-B3FD-148E9BA50FF5}"
EndProject
Project("{FAE04EC0-301F-11D3-BF4B-00C04F79EFBC}") = "Game.App", "EfCore\Game.App\Game.App.csproj", "{B01C802E-7B8E-4C84-9F20-AB9BE42F6152}"
EndProject
Global
	GlobalSection(SolutionConfigurationPlatforms) = preSolution
		Debug|Any CPU = Debug|Any CPU
		Release|Any CPU = Release|Any CPU
	EndGlobalSection
	GlobalSection(NestedProjects) = preSolution
		{0FAFF91C-41B1-4F1D-B517-BDE6790736FB} = {5751219F-5800-4065-9340-635C0798FB32}
		{4B0BF968-ABF7-40A1-AE89-F5AC8D6E3C15} = {5751219F-5800-4065-9340-635C0798FB32}
		{7815E6D7-89D2-4E12-A073-8D6DE7863D66} = {5751219F-5800-4065-9340-635C0798FB32}
		{EBC94E64-2759-49DB-BD27-424E5C177D50} = {5751219F-5800-4065-9340-635C0798FB32}
		{35B25CC1-1419-49C3-984C-947811C7704D} = {5751219F-5800-4065-9340-635C0798FB32}
		{60E47DEA-FA65-4CAF-AC48-53FC1DE35014} = {4A754BD9-E39D-4D45-9954-38625FEE89D6}
		{C3015FBC-E7E4-45FE-93BB-23E9CC71C04C} = {4A754BD9-E39D-4D45-9954-38625FEE89D6}
		{5382D0A6-2DD0-4993-BB28-3B52D039D271} = {5751219F-5800-4065-9340-635C0798FB32}
		{0DCD2CC8-2012-4476-A8C8-59FB25C7D9DF} = {251E3B7A-6DFD-4896-87AB-9373DE7E30D7}
		{6447AB40-7F5A-440A-8EC7-952F4959E461} = {251E3B7A-6DFD-4896-87AB-9373DE7E30D7}
		{27EA5F3E-C8A5-4891-A71A-F3C79CE70F78} = {251E3B7A-6DFD-4896-87AB-9373DE7E30D7}
		{698188B7-FE15-440E-AD4C-FA9B6EFD01BB} = {DBB2C219-F003-4DBE-8993-815FC96DC029}
		{C95B9390-BBEF-45A0-B3FD-148E9BA50FF5} = {DBB2C219-F003-4DBE-8993-815FC96DC029}
		{B01C802E-7B8E-4C84-9F20-AB9BE42F6152} = {DBB2C219-F003-4DBE-8993-815FC96DC029}
	EndGlobalSection
	GlobalSection(ProjectConfigurationPlatforms) = postSolution
		{0FAFF91C-41B1-4F1D-B517-BDE6790736FB}.Debug|Any CPU.ActiveCfg = Debug|Any CPU
		{0FAFF91C-41B1-4F1D-B517-BDE6790736FB}.Debug|Any CPU.Build.0 = Debug|Any CPU
		{0FAFF91C-41B1-4F1D-B517-BDE6790736FB}.Release|Any CPU.ActiveCfg = Release|Any CPU
		{0FAFF91C-41B1-4F1D-B517-BDE6790736FB}.Release|Any CPU.Build.0 = Release|Any CPU
		{4B0BF968-ABF7-40A1-AE89-F5AC8D6E3C15}.Debug|Any CPU.ActiveCfg = Debug|Any CPU
		{4B0BF968-ABF7-40A1-AE89-F5AC8D6E3C15}.Debug|Any CPU.Build.0 = Debug|Any CPU
		{4B0BF968-ABF7-40A1-AE89-F5AC8D6E3C15}.Release|Any CPU.ActiveCfg = Release|Any CPU
		{4B0BF968-ABF7-40A1-AE89-F5AC8D6E3C15}.Release|Any CPU.Build.0 = Release|Any CPU
		{7815E6D7-89D2-4E12-A073-8D6DE7863D66}.Debug|Any CPU.ActiveCfg = Debug|Any CPU
		{7815E6D7-89D2-4E12-A073-8D6DE7863D66}.Debug|Any CPU.Build.0 = Debug|Any CPU
		{7815E6D7-89D2-4E12-A073-8D6DE7863D66}.Release|Any CPU.ActiveCfg = Release|Any CPU
		{7815E6D7-89D2-4E12-A073-8D6DE7863D66}.Release|Any CPU.Build.0 = Release|Any CPU
		{EBC94E64-2759-49DB-BD27-424E5C177D50}.Debug|Any CPU.ActiveCfg = Debug|Any CPU
		{EBC94E64-2759-49DB-BD27-424E5C177D50}.Debug|Any CPU.Build.0 = Debug|Any CPU
		{EBC94E64-2759-49DB-BD27-424E5C177D50}.Release|Any CPU.ActiveCfg = Release|Any CPU
		{EBC94E64-2759-49DB-BD27-424E5C177D50}.Release|Any CPU.Build.0 = Release|Any CPU
		{35B25CC1-1419-49C3-984C-947811C7704D}.Debug|Any CPU.ActiveCfg = Debug|Any CPU
		{35B25CC1-1419-49C3-984C-947811C7704D}.Debug|Any CPU.Build.0 = Debug|Any CPU
		{35B25CC1-1419-49C3-984C-947811C7704D}.Release|Any CPU.ActiveCfg = Release|Any CPU
		{35B25CC1-1419-49C3-984C-947811C7704D}.Release|Any CPU.Build.0 = Release|Any CPU
		{60E47DEA-FA65-4CAF-AC48-53FC1DE35014}.Debug|Any CPU.ActiveCfg = Debug|Any CPU
		{60E47DEA-FA65-4CAF-AC48-53FC1DE35014}.Debug|Any CPU.Build.0 = Debug|Any CPU
		{60E47DEA-FA65-4CAF-AC48-53FC1DE35014}.Release|Any CPU.ActiveCfg = Release|Any CPU
		{60E47DEA-FA65-4CAF-AC48-53FC1DE35014}.Release|Any CPU.Build.0 = Release|Any CPU
		{C3015FBC-E7E4-45FE-93BB-23E9CC71C04C}.Debug|Any CPU.ActiveCfg = Debug|Any CPU
		{C3015FBC-E7E4-45FE-93BB-23E9CC71C04C}.Debug|Any CPU.Build.0 = Debug|Any CPU
		{C3015FBC-E7E4-45FE-93BB-23E9CC71C04C}.Release|Any CPU.ActiveCfg = Release|Any CPU
		{C3015FBC-E7E4-45FE-93BB-23E9CC71C04C}.Release|Any CPU.Build.0 = Release|Any CPU
		{5382D0A6-2DD0-4993-BB28-3B52D039D271}.Debug|Any CPU.ActiveCfg = Debug|Any CPU
		{5382D0A6-2DD0-4993-BB28-3B52D039D271}.Debug|Any CPU.Build.0 = Debug|Any CPU
		{5382D0A6-2DD0-4993-BB28-3B52D039D271}.Release|Any CPU.ActiveCfg = Release|Any CPU
		{5382D0A6-2DD0-4993-BB28-3B52D039D271}.Release|Any CPU.Build.0 = Release|Any CPU
		{0DCD2CC8-2012-4476-A8C8-59FB25C7D9DF}.Debug|Any CPU.ActiveCfg = Debug|Any CPU
		{0DCD2CC8-2012-4476-A8C8-59FB25C7D9DF}.Debug|Any CPU.Build.0 = Debug|Any CPU
		{0DCD2CC8-2012-4476-A8C8-59FB25C7D9DF}.Release|Any CPU.ActiveCfg = Release|Any CPU
		{0DCD2CC8-2012-4476-A8C8-59FB25C7D9DF}.Release|Any CPU.Build.0 = Release|Any CPU
		{6447AB40-7F5A-440A-8EC7-952F4959E461}.Debug|Any CPU.ActiveCfg = Debug|Any CPU
		{6447AB40-7F5A-440A-8EC7-952F4959E461}.Debug|Any CPU.Build.0 = Debug|Any CPU
		{6447AB40-7F5A-440A-8EC7-952F4959E461}.Release|Any CPU.ActiveCfg = Release|Any CPU
		{6447AB40-7F5A-440A-8EC7-952F4959E461}.Release|Any CPU.Build.0 = Release|Any CPU
		{27EA5F3E-C8A5-4891-A71A-F3C79CE70F78}.Debug|Any CPU.ActiveCfg = Debug|Any CPU
		{27EA5F3E-C8A5-4891-A71A-F3C79CE70F78}.Debug|Any CPU.Build.0 = Debug|Any CPU
		{27EA5F3E-C8A5-4891-A71A-F3C79CE70F78}.Release|Any CPU.ActiveCfg = Release|Any CPU
		{27EA5F3E-C8A5-4891-A71A-F3C79CE70F78}.Release|Any CPU.Build.0 = Release|Any CPU
		{698188B7-FE15-440E-AD4C-FA9B6EFD01BB}.Debug|Any CPU.ActiveCfg = Debug|Any CPU
		{698188B7-FE15-440E-AD4C-FA9B6EFD01BB}.Debug|Any CPU.Build.0 = Debug|Any CPU
		{698188B7-FE15-440E-AD4C-FA9B6EFD01BB}.Release|Any CPU.ActiveCfg = Release|Any CPU
		{698188B7-FE15-440E-AD4C-FA9B6EFD01BB}.Release|Any CPU.Build.0 = Release|Any CPU
		{C95B9390-BBEF-45A0-B3FD-148E9BA50FF5}.Debug|Any CPU.ActiveCfg = Debug|Any CPU
		{C95B9390-BBEF-45A0-B3FD-148E9BA50FF5}.Debug|Any CPU.Build.0 = Debug|Any CPU
		{C95B9390-BBEF-45A0-B3FD-148E9BA50FF5}.Release|Any CPU.ActiveCfg = Release|Any CPU
		{C95B9390-BBEF-45A0-B3FD-148E9BA50FF5}.Release|Any CPU.Build.0 = Release|Any CPU
		{B01C802E-7B8E-4C84-9F20-AB9BE42F6152}.Debug|Any CPU.ActiveCfg = Debug|Any CPU
		{B01C802E-7B8E-4C84-9F20-AB9BE42F6152}.Debug|Any CPU.Build.0 = Debug|Any CPU
		{B01C802E-7B8E-4C84-9F20-AB9BE42F6152}.Release|Any CPU.ActiveCfg = Release|Any CPU
		{B01C802E-7B8E-4C84-9F20-AB9BE42F6152}.Release|Any CPU.Build.0 = Release|Any CPU
	EndGlobalSection
EndGlobal
